{
    "name": "Disc Golf",
    "version": "1.0.0",
    "lockfileVersion": 1,
    "requires": true,
    "dependencies": {
        "cordova-plugin-appcenter-analytics": {
            "version": "0.1.8",
            "resolved": "https://registry.npmjs.org/cordova-plugin-appcenter-analytics/-/cordova-plugin-appcenter-analytics-0.1.8.tgz",
            "integrity": "sha512-31/K4FvSYCsSt5A4DqW2LaAcDtR82ysD/UShy9ICFhUD8IKBjAb11m5Po0jtVmuyAHUrkIMY6k+Hv1Xn8B6LKQ=="
        },
        "cordova-plugin-appcenter-crashes": {
            "version": "0.1.8",
            "resolved": "https://registry.npmjs.org/cordova-plugin-appcenter-crashes/-/cordova-plugin-appcenter-crashes-0.1.8.tgz",
            "integrity": "sha512-W2uHlMn7JIoJXMw9wC458wZZBlTH4b9HIJcRM2ro6JGvcxbPYnoQmZ9dCsx/XjIMLMbegnp6z88EP8y+6faEJg=="
        },
        "cordova-plugin-appcenter-shared": {
            "version": "0.1.8",
            "resolved": "https://registry.npmjs.org/cordova-plugin-appcenter-shared/-/cordova-plugin-appcenter-shared-0.1.8.tgz",
            "integrity": "sha512-fzmApxfQkdqq/JZl/LJhSAi7DXifg4j3pIFxl1tReG/hUKnWjaXWpeFbh1VnspW/Wh9RJ8UUvC/vg6iUAdeBkA=="
        }
    }
}
